{
  "originHash" : "315ee0bd4f8d0ef8f31decd69e748d00cd8898d63bd0c332834195f6837f7acf",
  "pins" : [
    {
      "identity" : "aexml",
      "kind" : "remoteSourceControl",
      "location" : "https://github.com/tadija/AEXML",
      "state" : {
        "revision" : "db806756c989760b35108146381535aec231092b",
        "version" : "4.7.0"
      }
    },
    {
      "identity" : "hoshidicts",
      "kind" : "remoteSourceControl",
      "location" : "https://github.com/Manhhao/hoshidicts.git",
      "state" : {
        "branch" : "main",
        "revision" : "ca1affde7658faf0a7bd81ad5417f619cc8ebf3c"
      }
    },
    {
      "identity" : "swiftui-introspect",
      "kind" : "remoteSourceControl",
      "location" : "https://github.com/siteline/SwiftUI-Introspect",
      "state" : {
        "revision" : "a08b87f96b41055577721a6e397562b21ad52454",
        "version" : "26.0.0"
      }
    },
    {
      "identity" : "ziparchive",
      "kind" : "remoteSourceControl",
      "location" : "https://github.com/ZipArchive/ZipArchive",
      "state" : {
        "revision" : "df35718ea19a94e015b91dc4881dee028ce4cdba",
        "version" : "2.6.0"
      }
    },
    {
      "identity" : "zstd",
      "kind" : "remoteSourceControl",
      "location" : "https://github.com/facebook/zstd.git",
      "state" : {
        "revision" : "f8745da6ff1ad1e7bab384bd1f9d742439278e99",
        "version" : "1.5.7"
      }
    }
  ],
  "version" : 3
}
