{
  "originHash" : "45263878a0fcbf7eb6bcb51e4bf1495119cce589d91a901ef0771f238787a7c4",
  "pins" : [
    {
      "identity" : "aexml",
      "kind" : "remoteSourceControl",
      "location" : "https://github.com/tadija/AEXML",
      "state" : {
        "revision" : "db806756c989760b35108146381535aec231092b",
        "version" : "4.7.0"
      }
    },
    {
      "identity" : "hoshidicts",
      "kind" : "remoteSourceControl",
      "location" : "https://github.com/HuangAntimony/hoshidicts.git",
      "state" : {
        "revision" : "c60de40bf5f000a28bd6d309383761cd881b196b"
      }
    },
    {
      "identity" : "zipfoundation",
      "kind" : "remoteSourceControl",
      "location" : "https://github.com/weichsel/ZIPFoundation.git",
      "state" : {
        "revision" : "22787ffb59de99e5dc1fbfe80b19c97a904ad48d",
        "version" : "0.9.20"
      }
    },
    {
      "identity" : "zstd",
      "kind" : "remoteSourceControl",
      "location" : "https://github.com/facebook/zstd.git",
      "state" : {
        "revision" : "f8745da6ff1ad1e7bab384bd1f9d742439278e99",
        "version" : "1.5.7"
      }
    }
  ],
  "version" : 3
}
